# THIS IS AN AUTOGENERATED FILE. DO NOT EDIT THIS FILE DIRECTLY.
# yarn lockfile v1


"@babel/runtime@^7.16.3":
  "integrity" "sha512-WBwekcqacdY2e9AF/Q7WLFUWmdJGJTkbjqTjoMDgXkVZ3ZRUvOPsLb5KdwISoQVsbP+DQzVZW4Zhci0DvpbNTQ=="
  "resolved" "https://registry.npmmirror.com/@babel/runtime/download/@babel/runtime-7.16.3.tgz?cache=0&sync_timestamp=1636495247319&other_urls=https%3A%2F%2Fregistry.npmmirror.com%2F%40babel%2Fruntime%2Fdownload%2F%40babel%2Fruntime-7.16.3.tgz"
  "version" "7.16.3"
  dependencies:
    "regenerator-runtime" "^0.13.4"

"jsbn@^1.1.0":
  "integrity" "sha1-sBMHyym2GKHtJux56RH4A8TaAEA="
  "resolved" "https://registry.nlark.com/jsbn/download/jsbn-1.1.0.tgz"
  "version" "1.1.0"

"miniprogram-sm-crypto@^0.3.6":
  "integrity" "sha1-wkZUItQxmd3sQf0/rMIS2fwLYGs="
  "resolved" "https://registry.npmmirror.com/miniprogram-sm-crypto/download/miniprogram-sm-crypto-0.3.6.tgz"
  "version" "0.3.6"
  dependencies:
    "jsbn" "^1.1.0"

"regenerator-runtime@^0.13.4":
  "integrity" "sha1-iSV0Kpj/2QgUmI11Zq0wyjsmO1I="
  "resolved" "https://registry.nlark.com/regenerator-runtime/download/regenerator-runtime-0.13.9.tgz?cache=0&other_urls=https%3A%2F%2Fregistry.nlark.com%2Fregenerator-runtime%2Fdownload%2Fregenerator-runtime-0.13.9.tgz"
  "version" "0.13.9"
